{
  "version": "5",
  "specifiers": {
    "npm:@supabase/supabase-js@2.117.0": "2.117.0",
    "npm:@types/node@*": "24.2.0",
    "npm:fast-xml-parser@5.11.2": "5.11.2"
  },
  "npm": {
    "@nodable/entities@3.1.0": {
      "integrity": "sha512-LsS/DjHr+uDM647Gru/cA8+J3a3HfhttwCKLyuoyN7yXTFCxKBtSgMQBvrW9yNPa2/zDRUNuGPaH5QUFoa4arQ=="
    },
    "@supabase/auth-js@2.117.0": {
      "integrity": "sha512-mmKfXHkZ+93fJ57yxMnJ+h+psiHIEBLzqZNgNu7yE7/kNxAKXkKxz/BZO/Ht0NJiMztFICvA+7xOLbIrK723qQ==",
      "dependencies": [
        "tslib"
      ]
    },
    "@supabase/functions-js@2.117.0": {
      "integrity": "sha512-RC3kdN0DZS8gyLsTDhWCc6xg5FKAyMNz/xt5KD7PSC+PB/7/NhFPo6YrMZu+3xsQMFdOWuVaBlHYdPwdmhqx/w==",
      "dependencies": [
        "tslib"
      ]
    },
    "@supabase/phoenix@0.4.5": {
      "integrity": "sha512-aAn9H9ovVyeApKy11OWOrrOGq8DV68yWeH4ud2lN9fzn4aO8Zb5GLL9m1pUg9nLqIcT+ZDfAcsZe0E/nqdv2lw=="
    },
    "@supabase/postgrest-js@2.117.0": {
      "integrity": "sha512-KG2+dYIkTzOjR8f0Xza3uXzKB6bHQOIjMTJhHuNNSUK0C6zdtd4A8LBjxpPB9R5I95xuN1CCdlIEJTkZ5g8LBA==",
      "dependencies": [
        "tslib"
      ]
    },
    "@supabase/realtime-js@2.117.0": {
      "integrity": "sha512-E+hovHDWTpoOQHCMWdOwahvJmD7M/Vgj8cQTwLMPlEFvTO7wV8zBhrM9iUnKReurpGpl9u6MGbbjBeQJTEE1Kg==",
      "dependencies": [
        "@supabase/phoenix",
        "tslib"
      ]
    },
    "@supabase/storage-js@2.117.0": {
      "integrity": "sha512-jFn8MTRKhUls5yzfYogPqItNH0jwzlLvdhAO2nBKRMzQuvI9BgNM2BabcGSxcDAcyEACGEjeIBXjxRfIb8OI5Q==",
      "dependencies": [
        "iceberg-js",
        "tslib"
      ]
    },
    "@supabase/supabase-js@2.117.0": {
      "integrity": "sha512-c9ASbrLEqFBTWIxF4aXuK4hVgdIH+kA6BsT6xjDkXuFYQkGBWL4OqirstgzhS30gr0Vlfbur6F8jlUfWkCy2dw==",
      "dependencies": [
        "@supabase/auth-js",
        "@supabase/functions-js",
        "@supabase/postgrest-js",
        "@supabase/realtime-js",
        "@supabase/storage-js"
      ]
    },
    "@types/node@24.2.0": {
      "integrity": "sha512-3xyG3pMCq3oYCNg7/ZP+E1ooTaGB4cG8JWRsqqOYQdbWNY4zbaV0Ennrd7stjiJEFZCaybcIgpTjJWHRfBSIDw==",
      "dependencies": [
        "undici-types"
      ]
    },
    "anynum@1.0.1": {
      "integrity": "sha512-N6//FLET/tXYNM/F6ABca1oH6fWB+KlTt909Le28WMDBk8oaT4vY17DCrwg2MvmuqUKt3Ni4N5dGJ/EoBgcO6A=="
    },
    "fast-xml-builder@1.3.1": {
      "integrity": "sha512-pIM/1n3ntFXKYrUZwW7QCK0gAW7XY+wzj1YMIV3tLDvPj/V+zTGJK5e3/4WJfwj0qWw2ElNXiTixda/R+3YSug==",
      "dependencies": [
        "path-expression-matcher",
        "xml-naming"
      ]
    },
    "fast-xml-parser@5.11.2": {
      "integrity": "sha512-R9iDuNrQYeQut46cn2r2wHKn4HYzVDvDm5J1wW+koZewykv0yuO2HChTYeZtrULyHIDM9cj9TUXloCsueCQUog==",
      "dependencies": [
        "@nodable/entities",
        "fast-xml-builder",
        "is-unsafe",
        "path-expression-matcher",
        "strnum",
        "xml-naming"
      ],
      "bin": true
    },
    "iceberg-js@0.8.1": {
      "integrity": "sha512-1dhVQZXhcHje7798IVM+xoo/1ZdVfzOMIc8/rgVSijRK38EDqOJoGula9N/8ZI5RD8QTxNQtK/Gozpr+qUqRRA=="
    },
    "is-unsafe@2.0.2": {
      "integrity": "sha512-HgbIHPBH0KHHCcjLfGsCvhtPTVxjaAZlXjwdz7/GQC40SjSe4sfQsar8J5VFo8JOSbarkpV0OLG95bbaNd9aAQ=="
    },
    "path-expression-matcher@1.6.2": {
      "integrity": "sha512-enSlaiat05iasnzmgNxRj8reFdj3puY2QpNgP1aPIaVfT6nn9ICuPoFlKHk8EN22HcwewshO+mN2DGbkCEOtqQ=="
    },
    "strnum@2.4.2": {
      "integrity": "sha512-rDG3Ah4TV0k1hWvLSzkZtMmLN9+eS+h3knq4MP6A42Y3Yh5qGNnOUs1jJkoSr8FG5dsL28c7KgkIBzSEykqtuw==",
      "dependencies": [
        "anynum"
      ]
    },
    "tslib@2.8.1": {
      "integrity": "sha512-oJFu94HQb+KVduSUQL7wnpmqnfmLsOA/nAh6b6EH0wCEoK0/mPeXU6c3wKDV83MkOuHPRHtSXKKU99IBazS/2w=="
    },
    "undici-types@7.10.0": {
      "integrity": "sha512-t5Fy/nfn+14LuOc2KNYg75vZqClpAiqscVvMygNnlsHBFpSXdJaYtXMcdNLpl/Qvc3P2cB3s6lOV51nqsFq4ag=="
    },
    "xml-naming@0.3.0": {
      "integrity": "sha512-ghig2TBE/H11aOVgmahA3MhimvkBr6JIYknH/Dhdk10nXwdbIqBJsbfMxpvFPG8bAw77gN29aQWvKpmVoPlvPQ=="
    }
  },
  "redirects": {
    "https://esm.sh/@supabase/supabase-js@2": "https://esm.sh/@supabase/supabase-js@2.117.2"
  },
  "remote": {
    "https://esm.sh/@supabase/supabase-js@2.117.0": "52358cc08fc0a25278a2be371821c2eb1fa5c615ba76dbca43a01b2d122f0201",
    "https://esm.sh/@supabase/supabase-js@2.117.2": "6da4477d96ad4392b5a8be8f423384a3812cdd651df483e433ba422a69ff879b",
    "https://esm.sh/stripe@18.5.0": "da8bd0bec3e31938500a0f96624f2d8372a1566cd6595d2bfdbbab22d3164e04"
  },
  "workspace": {
    "dependencies": [
      "npm:@supabase/supabase-js@2.117.0",
      "npm:fast-xml-parser@5.11.2"
    ]
  }
}
